{
  "name": "@jrc03c/js-data-science-helpers",
  "version": "0.0.1",
  "lockfileVersion": 2,
  "requires": true,
  "packages": {
    "": {
      "name": "@jrc03c/js-data-science-helpers",
      "version": "0.0.1",
      "license": "ISC",
      "dependencies": {
        "@jrc03c/js-math-tools": "github:jrc03c/js-math-tools",
        "@jrc03c/make-key": "github:jrc03c/make-key"
      }
    },
    "node_modules/@jrc03c/js-math-tools": {
      "version": "0.0.1",
      "resolved": "git+ssh://git@github.com/jrc03c/js-math-tools.git#47284aad3a5473259c3d365965cf5d7feba25510",
      "license": "ISC"
    },
    "node_modules/@jrc03c/make-key": {
      "version": "1.0.0",
      "resolved": "git+ssh://git@github.com/jrc03c/make-key.git#5c776db815c0b5a4221c59f7000486eb47b01a87",
      "license": "ISC",
      "dependencies": {
        "@jrc03c/js-math-tools": "github:jrc03c/js-math-tools"
      },
      "bin": {
        "key": "bin.js",
        "makeKey": "bin.js"
      }
    }
  },
  "dependencies": {
    "@jrc03c/js-math-tools": {
      "version": "git+ssh://git@github.com/jrc03c/js-math-tools.git#47284aad3a5473259c3d365965cf5d7feba25510",
      "from": "@jrc03c/js-math-tools@github:jrc03c/js-math-tools"
    },
    "@jrc03c/make-key": {
      "version": "git+ssh://git@github.com/jrc03c/make-key.git#5c776db815c0b5a4221c59f7000486eb47b01a87",
      "from": "@jrc03c/make-key@github:jrc03c/make-key",
      "requires": {
        "@jrc03c/js-math-tools": "github:jrc03c/js-math-tools"
      }
    }
  }
}
